{
  "pins" : [
    {
      "identity" : "aidesign",
      "kind" : "remoteSourceControl",
      "location" : "git@github.com:riley-usagi/AiDesign.git",
      "state" : {
        "branch" : "master",
        "revision" : "5289cca45d2276e3fc05b1c9521f80b49d26cb91"
      }
    }
  ],
  "version" : 2
}
